
Microsoft Visual Studio Solution File, Format Version 12.00
# Visual Studio Version 17
VisualStudioVersion = 17.9.34701.34
MinimumVisualStudioVersion = 10.0.40219.1
Project("{F184B08F-C81C-45F6-A57F-5ABD9991F28F}") = "WinFormsApp16", "WinFormsApp16\WinFormsApp16.vbproj", "{60523A6C-827C-4A49-AD0F-0F027837C697}"
EndProject
Global
	GlobalSection(SolutionConfigurationPlatforms) = preSolution
		Debug|Any CPU = Debug|Any CPU
		Release|Any CPU = Release|Any CPU
	EndGlobalSection
	GlobalSection(ProjectConfigurationPlatforms) = postSolution
		{60523A6C-827C-4A49-AD0F-0F027837C697}.Debug|Any CPU.ActiveCfg = Debug|Any CPU
		{60523A6C-827C-4A49-AD0F-0F027837C697}.Debug|Any CPU.Build.0 = Debug|Any CPU
		{60523A6C-827C-4A49-AD0F-0F027837C697}.Release|Any CPU.ActiveCfg = Release|Any CPU
		{60523A6C-827C-4A49-AD0F-0F027837C697}.Release|Any CPU.Build.0 = Release|Any CPU
	EndGlobalSection
	GlobalSection(SolutionProperties) = preSolution
		HideSolutionNode = FALSE
	EndGlobalSection
	GlobalSection(ExtensibilityGlobals) = postSolution
		SolutionGuid = {C8CAD7AD-D267-459E-ABCE-0C4121F56D44}
	EndGlobalSection
EndGlobal
